dependencies:
- name: cert-manager
  repository: https://charts.jetstack.io
  version: v1.12.2
- name: kube-prometheus-stack
  repository: https://prometheus-community.github.io/helm-charts
  version: 45.31.1
- name: mariadb-operator
  repository: https://mariadb-operator.github.io/mariadb-operator
  version: 0.19.0
- name: cloudnative-pg
  repository: https://cloudnative-pg.io/charts/
  version: 0.18.1
- name: minio
  repository: https://charts.min.io/
  version: 5.0.13
digest: sha256:8004f5fb17bec5246fec178c38ef4169f7feb75db7f9a527e35859455cc7489f
generated: "2023-07-26T21:41:45.726693161Z"
